<?xml version="1.0" encoding="utf-8"?>
<Project ToolsVersion="4.0" xmlns="http://schemas.microsoft.com/developer/msbuild/2003">
  <ItemGroup>
    <Filter Include="gen">
      <UniqueIdentifier>{ab687103-cfc3-4a8b-95b7-f43350a466d9}</UniqueIdentifier>
    </Filter>
    <Filter Include="dep">
      <UniqueIdentifier>{5894a666-b078-4fee-b55d-a829346b77c9}</UniqueIdentifier>
    </Filter>
    <Filter Include="reader">
      <UniqueIdentifier>{db06418d-39a2-402a-a4d3-b8cedd71771d}</UniqueIdentifier>
    </Filter>
    <Filter Include="main">
      <UniqueIdentifier>{4FC737F1-C7A5-4376-A066-2A32D752A2FF}</UniqueIdentifier>
      <Extensions>cpp;c;cc;cxx;c++;cppm;ixx;def;odl;idl;hpj;bat;asm;asmx</Extensions>
    </Filter>
  </ItemGroup>
  <ItemGroup>
    <ClCompile Include="TestLoadCpp.cpp">
      <Filter>main</Filter>
    </ClCompile>
    <ClCompile Include="reader\csv_reader.cpp">
      <Filter>reader</Filter>
    </ClCompile>
    <ClCompile Include="gen\table_loader_csv.cpp">
      <Filter>gen</Filter>
    </ClCompile>
  </ItemGroup>
  <ItemGroup>
    <ClInclude Include="dep\loc_str.h">
      <Filter>dep</Filter>
    </ClInclude>
    <ClInclude Include="reader\csv.h">
      <Filter>reader</Filter>
    </ClInclude>
    <ClInclude Include="reader\csv_reader.h">
      <Filter>reader</Filter>
    </ClInclude>
    <ClInclude Include="gen\struct_item.h">
      <Filter>gen</Filter>
    </ClInclude>
    <ClInclude Include="gen\struct_table.h">
      <Filter>gen</Filter>
    </ClInclude>
    <ClInclude Include="gen\table_loader_csv.h">
      <Filter>gen</Filter>
    </ClInclude>
  </ItemGroup>
</Project>